# This file is automatically @generated by Cargo.
# It is not intended for manual editing.
version = 4

[[package]]
name = "od-audio"
version = "0.1.0"

[[package]]
name = "od-cleanup"
version = "0.1.0"

[[package]]
name = "od-commands"
version = "0.1.0"

[[package]]
name = "od-core-types"
version = "0.1.0"

[[package]]
name = "od-insertion"
version = "0.1.0"

[[package]]
name = "od-pipeline"
version = "0.1.0"

[[package]]
name = "od-rewrite"
version = "0.1.0"

[[package]]
name = "od-storage"
version = "0.1.0"

[[package]]
name = "od-stt"
version = "0.1.0"

[[package]]
name = "od-vad"
version = "0.1.0"
